
Microsoft Visual Studio Solution File, Format Version 12.00
# Visual Studio Version 17
VisualStudioVersion = 17.11.35303.130
MinimumVisualStudioVersion = 10.0.40219.1
Project("{FAE04EC0-301F-11D3-BF4B-00C04F79EFBC}") = "SuperHero", "SuperHero\SuperHero.csproj", "{804F2BCE-FBAD-40E5-BF04-D2F06DD971A0}"
EndProject
Global
	GlobalSection(SolutionConfigurationPlatforms) = preSolution
		Debug|Any CPU = Debug|Any CPU
		Release|Any CPU = Release|Any CPU
	EndGlobalSection
	GlobalSection(ProjectConfigurationPlatforms) = postSolution
		{804F2BCE-FBAD-40E5-BF04-D2F06DD971A0}.Debug|Any CPU.ActiveCfg = Debug|Any CPU
		{804F2BCE-FBAD-40E5-BF04-D2F06DD971A0}.Debug|Any CPU.Build.0 = Debug|Any CPU
		{804F2BCE-FBAD-40E5-BF04-D2F06DD971A0}.Release|Any CPU.ActiveCfg = Release|Any CPU
		{804F2BCE-FBAD-40E5-BF04-D2F06DD971A0}.Release|Any CPU.Build.0 = Release|Any CPU
	EndGlobalSection
	GlobalSection(SolutionProperties) = preSolution
		HideSolutionNode = FALSE
	EndGlobalSection
	GlobalSection(ExtensibilityGlobals) = postSolution
		SolutionGuid = {6A0FA53B-B57C-481E-9971-340C1EC74BF5}
	EndGlobalSection
EndGlobal
